// !$*UTF8*$!
{
	archiveVersion = 1;
	classes = {
	};
	objectVersion = 50;
	objects = {

/* Begin PBXBuildFile section */
		1DB5E6CD2293F04C00333E6C /* AppDelegate.swift in Sources */ = {isa = PBXBuildFile; fileRef = 1DB5E6CC2293F04C00333E6C /* AppDelegate.swift */; };
		1DB5E6CF2293F04C00333E6C /* ViewController.swift in Sources */ = {isa = PBXBuildFile; fileRef = 1DB5E6CE2293F04C00333E6C /* ViewController.swift */; };
		1DB5E6D22293F04C00333E6C /* Main.storyboard in Resources */ = {isa = PBXBuildFile; fileRef = 1DB5E6D02293F04C00333E6C /* Main.storyboard */; };
		1DB5E6D42293F04E00333E6C /* Assets.xcassets in Resources */ = {isa = PBXBuildFile; fileRef = 1DB5E6D32293F04E00333E6C /* Assets.xcassets */; };
		1DB5E6D72293F04E00333E6C /* LaunchScreen.storyboard in Resources */ = {isa = PBXBuildFile; fileRef = 1DB5E6D52293F04E00333E6C /* LaunchScreen.storyboard */; };
		6EE8CA3CF919B25B806054AE /* Pods_Forms_with_EASY_Keyboard_Management__UIScrollView___LBTAFormController_.framework in Frameworks */ = {isa = PBXBuildFile; fileRef = 6110F784D300D9707C5EE551 /* Pods_Forms_with_EASY_Keyboard_Management__UIScrollView___LBTAFormController_.framework */; };
/* End PBXBuildFile section */

/* Begin PBXFileReference section */
		1DB5E6C92293F04C00333E6C /* Forms with EASY Keyboard Management (UIScrollView - LBTAFormController).app */ = {isa = PBXFileReference; explicitFileType = wrapper.application; includeInIndex = 0; path = "Forms with EASY Keyboard Management (UIScrollView - LBTAFormController).app"; sourceTree = BUILT_PRODUCTS_DIR; };
		1DB5E6CC2293F04C00333E6C /* AppDelegate.swift */ = {isa = PBXFileReference; lastKnownFileType = sourcecode.swift; path = AppDelegate.swift; sourceTree = "<group>"; };
		1DB5E6CE2293F04C00333E6C /* ViewController.swift */ = {isa = PBXFileReference; lastKnownFileType = sourcecode.swift; path = ViewController.swift; sourceTree = "<group>"; };
		1DB5E6D12293F04C00333E6C /* Base */ = {isa = PBXFileReference; lastKnownFileType = file.storyboard; name = Base; path = Base.lproj/Main.storyboard; sourceTree = "<group>"; };
		1DB5E6D32293F04E00333E6C /* Assets.xcassets */ = {isa = PBXFileReference; lastKnownFileType = folder.assetcatalog; path = Assets.xcassets; sourceTree = "<group>"; };
		1DB5E6D62293F04E00333E6C /* Base */ = {isa = PBXFileReference; lastKnownFileType = file.storyboard; name = Base; path = Base.lproj/LaunchScreen.storyboard; sourceTree = "<group>"; };
		1DB5E6D82293F04E00333E6C /* Info.plist */ = {isa = PBXFileReference; lastKnownFileType = text.plist.xml; path = Info.plist; sourceTree = "<group>"; };
		6110F784D300D9707C5EE551 /* Pods_Forms_with_EASY_Keyboard_Management__UIScrollView___LBTAFormController_.framework */ = {isa = PBXFileReference; explicitFileType = wrapper.framework; includeInIndex = 0; path = "Pods_Forms_with_EASY_Keyboard_Management__UIScrollView___LBTAFormController_.framework"; sourceTree = BUILT_PRODUCTS_DIR; };
		C9E8B29E10295152AEA6F982 /* Pods-Forms with EASY Keyboard Management (UIScrollView - LBTAFormController).debug.xcconfig */ = {isa = PBXFileReference; includeInIndex = 1; lastKnownFileType = text.xcconfig; name = "Pods-Forms with EASY Keyboard Management (UIScrollView - LBTAFormController).debug.xcconfig"; path = "Pods/Target Support Files/Pods-Forms with EASY Keyboard Management (UIScrollView - LBTAFormController)/Pods-Forms with EASY Keyboard Management (UIScrollView - LBTAFormController).debug.xcconfig"; sourceTree = "<group>"; };
		CD3A29B3D9255453A7FCD7CC /* Pods-Forms with EASY Keyboard Management (UIScrollView - LBTAFormController).release.xcconfig */ = {isa = PBXFileReference; includeInIndex = 1; lastKnownFileType = text.xcconfig; name = "Pods-Forms with EASY Keyboard Management (UIScrollView - LBTAFormController).release.xcconfig"; path = "Pods/Target Support Files/Pods-Forms with EASY Keyboard Management (UIScrollView - LBTAFormController)/Pods-Forms with EASY Keyboard Management (UIScrollView - LBTAFormController).release.xcconfig"; sourceTree = "<group>"; };
/* End PBXFileReference section */

/* Begin PBXFrameworksBuildPhase section */
		1DB5E6C62293F04C00333E6C /* Frameworks */ = {
			isa = PBXFrameworksBuildPhase;
			buildActionMask = 2147483647;
			files = (
				6EE8CA3CF919B25B806054AE /* Pods_Forms_with_EASY_Keyboard_Management__UIScrollView___LBTAFormController_.framework in Frameworks */,
			);
			runOnlyForDeploymentPostprocessing = 0;
		};
/* End PBXFrameworksBuildPhase section */

/* Begin PBXGroup section */
		1DB5E6C02293F04C00333E6C = {
			isa = PBXGroup;
			children = (
				1DB5E6CB2293F04C00333E6C /* Forms with EASY Keyboard Management (UIScrollView - LBTAFormController) */,
				1DB5E6CA2293F04C00333E6C /* Products */,
				B045BE140E8AB052F0130522 /* Pods */,
				3D9AA891EE57249BE106F24B /* Frameworks */,
			);
			sourceTree = "<group>";
		};
		1DB5E6CA2293F04C00333E6C /* Products */ = {
			isa = PBXGroup;
			children = (
				1DB5E6C92293F04C00333E6C /* Forms with EASY Keyboard Management (UIScrollView - LBTAFormController).app */,
			);
			name = Products;
			sourceTree = "<group>";
		};
		1DB5E6CB2293F04C00333E6C /* Forms with EASY Keyboard Management (UIScrollView - LBTAFormController) */ = {
			isa = PBXGroup;
			children = (
				1DB5E6CC2293F04C00333E6C /* AppDelegate.swift */,
				1DB5E6CE2293F04C00333E6C /* ViewController.swift */,
				1DB5E6D02293F04C00333E6C /* Main.storyboard */,
				1DB5E6D32293F04E00333E6C /* Assets.xcassets */,
				1DB5E6D52293F04E00333E6C /* LaunchScreen.storyboard */,
				1DB5E6D82293F04E00333E6C /* Info.plist */,
			);
			path = "Forms with EASY Keyboard Management (UIScrollView - LBTAFormController)";
			sourceTree = "<group>";
		};
		3D9AA891EE57249BE106F24B /* Frameworks */ = {
			isa = PBXGroup;
			children = (
				6110F784D300D9707C5EE551 /* Pods_Forms_with_EASY_Keyboard_Management__UIScrollView___LBTAFormController_.framework */,
			);
			name = Frameworks;
			sourceTree = "<group>";
		};
		B045BE140E8AB052F0130522 /* Pods */ = {
			isa = PBXGroup;
			children = (
				C9E8B29E10295152AEA6F982 /* Pods-Forms with EASY Keyboard Management (UIScrollView - LBTAFormController).debug.xcconfig */,
				CD3A29B3D9255453A7FCD7CC /* Pods-Forms with EASY Keyboard Management (UIScrollView - LBTAFormController).release.xcconfig */,
			);
			name = Pods;
			sourceTree = "<group>";
		};
/* End PBXGroup section */

/* Begin PBXNativeTarget section */
		1DB5E6C82293F04C00333E6C /* Forms with EASY Keyboard Management (UIScrollView - LBTAFormController) */ = {
			isa = PBXNativeTarget;
			buildConfigurationList = 1DB5E6DB2293F04E00333E6C /* Build configuration list for PBXNativeTarget "Forms with EASY Keyboard Management (UIScrollView - LBTAFormController)" */;
			buildPhases = (
				CCC2E64E7F9CCEB8DDF366C1 /* [CP] Check Pods Manifest.lock */,
				1DB5E6C52293F04C00333E6C /* Sources */,
				1DB5E6C62293F04C00333E6C /* Frameworks */,
				1DB5E6C72293F04C00333E6C /* Resources */,
				8C39133AD3502BC3743292A7 /* [CP] Embed Pods Frameworks */,
			);
			buildRules = (
			);
			dependencies = (
			);
			name = "Forms with EASY Keyboard Management (UIScrollView - LBTAFormController)";
			productName = "Forms with EASY Keyboard Management (UIScrollView - LBTAFormController)";
			productReference = 1DB5E6C92293F04C00333E6C /* Forms with EASY Keyboard Management (UIScrollView - LBTAFormController).app */;
			productType = "com.apple.product-type.application";
		};
/* End PBXNativeTarget section */

/* Begin PBXProject section */
		1DB5E6C12293F04C00333E6C /* Project object */ = {
			isa = PBXProject;
			attributes = {
				LastSwiftUpdateCheck = 1020;
				LastUpgradeCheck = 1020;
				ORGANIZATIONNAME = "Vibhor Gupta";
				TargetAttributes = {
					1DB5E6C82293F04C00333E6C = {
						CreatedOnToolsVersion = 10.2.1;
					};
				};
			};
			buildConfigurationList = 1DB5E6C42293F04C00333E6C /* Build configuration list for PBXProject "Forms with EASY Keyboard Management (UIScrollView - LBTAFormController)" */;
			compatibilityVersion = "Xcode 9.3";
			developmentRegion = en;
			hasScannedForEncodings = 0;
			knownRegions = (
				en,
				Base,
			);
			mainGroup = 1DB5E6C02293F04C00333E6C;
			productRefGroup = 1DB5E6CA2293F04C00333E6C /* Products */;
			projectDirPath = "";
			projectRoot = "";
			targets = (
				1DB5E6C82293F04C00333E6C /* Forms with EASY Keyboard Management (UIScrollView - LBTAFormController) */,
			);
		};
/* End PBXProject section */

/* Begin PBXResourcesBuildPhase section */
		1DB5E6C72293F04C00333E6C /* Resources */ = {
			isa = PBXResourcesBuildPhase;
			buildActionMask = 2147483647;
			files = (
				1DB5E6D72293F04E00333E6C /* LaunchScreen.storyboard in Resources */,
				1DB5E6D42293F04E00333E6C /* Assets.xcassets in Resources */,
				1DB5E6D22293F04C00333E6C /* Main.storyboard in Resources */,
			);
			runOnlyForDeploymentPostprocessing = 0;
		};
/* End PBXResourcesBuildPhase section */

/* Begin PBXShellScriptBuildPhase section */
		8C39133AD3502BC3743292A7 /* [CP] Embed Pods Frameworks */ = {
			isa = PBXShellScriptBuildPhase;
			buildActionMask = 2147483647;
			files = (
			);
			inputFileListPaths = (
			);
			inputPaths = (
				"${SRCROOT}/Pods/Target Support Files/Pods-Forms with EASY Keyboard Management (UIScrollView - LBTAFormController)/Pods-Forms with EASY Keyboard Management (UIScrollView - LBTAFormController)-frameworks.sh",
				"${BUILT_PRODUCTS_DIR}/LBTATools/LBTATools.framework",
			);
			name = "[CP] Embed Pods Frameworks";
			outputFileListPaths = (
			);
			outputPaths = (
				"${TARGET_BUILD_DIR}/${FRAMEWORKS_FOLDER_PATH}/LBTATools.framework",
			);
			runOnlyForDeploymentPostprocessing = 0;
			shellPath = /bin/sh;
			shellScript = "\"${SRCROOT}/Pods/Target Support Files/Pods-Forms with EASY Keyboard Management (UIScrollView - LBTAFormController)/Pods-Forms with EASY Keyboard Management (UIScrollView - LBTAFormController)-frameworks.sh\"\n";
			showEnvVarsInLog = 0;
		};
		CCC2E64E7F9CCEB8DDF366C1 /* [CP] Check Pods Manifest.lock */ = {
			isa = PBXShellScriptBuildPhase;
			buildActionMask = 2147483647;
			files = (
			);
			inputFileListPaths = (
			);
			inputPaths = (
				"${PODS_PODFILE_DIR_PATH}/Podfile.lock",
				"${PODS_ROOT}/Manifest.lock",
			);
			name = "[CP] Check Pods Manifest.lock";
			outputFileListPaths = (
			);
			outputPaths = (
				"$(DERIVED_FILE_DIR)/Pods-Forms with EASY Keyboard Management (UIScrollView - LBTAFormController)-checkManifestLockResult.txt",
			);
			runOnlyForDeploymentPostprocessing = 0;
			shellPath = /bin/sh;
			shellScript = "diff \"${PODS_PODFILE_DIR_PATH}/Podfile.lock\" \"${PODS_ROOT}/Manifest.lock\" > /dev/null\nif [ $? != 0 ] ; then\n    # print error to STDERR\n    echo \"error: The sandbox is not in sync with the Podfile.lock. Run 'pod install' or update your CocoaPods installation.\" >&2\n    exit 1\nfi\n# This output is used by Xcode 'outputs' to avoid re-running this script phase.\necho \"SUCCESS\" > \"${SCRIPT_OUTPUT_FILE_0}\"\n";
			showEnvVarsInLog = 0;
		};
/* End PBXShellScriptBuildPhase section */

/* Begin PBXSourcesBuildPhase section */
		1DB5E6C52293F04C00333E6C /* Sources */ = {
			isa = PBXSourcesBuildPhase;
			buildActionMask = 2147483647;
			files = (
				1DB5E6CF2293F04C00333E6C /* ViewController.swift in Sources */,
				1DB5E6CD2293F04C00333E6C /* AppDelegate.swift in Sources */,
			);
			runOnlyForDeploymentPostprocessing = 0;
		};
/* End PBXSourcesBuildPhase section */

/* Begin PBXVariantGroup section */
		1DB5E6D02293F04C00333E6C /* Main.storyboard */ = {
			isa = PBXVariantGroup;
			children = (
				1DB5E6D12293F04C00333E6C /* Base */,
			);
			name = Main.storyboard;
			sourceTree = "<group>";
		};
		1DB5E6D52293F04E00333E6C /* LaunchScreen.storyboard */ = {
			isa = PBXVariantGroup;
			children = (
				1DB5E6D62293F04E00333E6C /* Base */,
			);
			name = LaunchScreen.storyboard;
			sourceTree = "<group>";
		};
/* End PBXVariantGroup section */

/* Begin XCBuildConfiguration section */
		1DB5E6D92293F04E00333E6C /* Debug */ = {
			isa = XCBuildConfiguration;
			buildSettings = {
				ALWAYS_SEARCH_USER_PATHS = NO;
				CLANG_ANALYZER_NONNULL = YES;
				CLANG_ANALYZER_NUMBER_OBJECT_CONVERSION = YES_AGGRESSIVE;
				CLANG_CXX_LANGUAGE_STANDARD = "gnu++14";
				CLANG_CXX_LIBRARY = "libc++";
				CLANG_ENABLE_MODULES = YES;
				CLANG_ENABLE_OBJC_ARC = YES;
				CLANG_ENABLE_OBJC_WEAK = YES;
				CLANG_WARN_BLOCK_CAPTURE_AUTORELEASING = YES;
				CLANG_WARN_BOOL_CONVERSION = YES;
				CLANG_WARN_COMMA = YES;
				CLANG_WARN_CONSTANT_CONVERSION = YES;
				CLANG_WARN_DEPRECATED_OBJC_IMPLEMENTATIONS = YES;
				CLANG_WARN_DIRECT_OBJC_ISA_USAGE = YES_ERROR;
				CLANG_WARN_DOCUMENTATION_COMMENTS = YES;
				CLANG_WARN_EMPTY_BODY = YES;
				CLANG_WARN_ENUM_CONVERSION = YES;
				CLANG_WARN_INFINITE_RECURSION = YES;
				CLANG_WARN_INT_CONVERSION = YES;
				CLANG_WARN_NON_LITERAL_NULL_CONVERSION = YES;
				CLANG_WARN_OBJC_IMPLICIT_RETAIN_SELF = YES;
				CLANG_WARN_OBJC_LITERAL_CONVERSION = YES;
				CLANG_WARN_OBJC_ROOT_CLASS = YES_ERROR;
				CLANG_WARN_RANGE_LOOP_ANALYSIS = YES;
				CLANG_WARN_STRICT_PROTOTYPES = YES;
				CLANG_WARN_SUSPICIOUS_MOVE = YES;
				CLANG_WARN_UNGUARDED_AVAILABILITY = YES_AGGRESSIVE;
				CLANG_WARN_UNREACHABLE_CODE = YES;
				CLANG_WARN__DUPLICATE_METHOD_MATCH = YES;
				CODE_SIGN_IDENTITY = "iPhone Developer";
				COPY_PHASE_STRIP = NO;
				DEBUG_INFORMATION_FORMAT = dwarf;
				ENABLE_STRICT_OBJC_MSGSEND = YES;
				ENABLE_TESTABILITY = YES;
				GCC_C_LANGUAGE_STANDARD = gnu11;
				GCC_DYNAMIC_NO_PIC = NO;
				GCC_NO_COMMON_BLOCKS = YES;
				GCC_OPTIMIZATION_LEVEL = 0;
				GCC_PREPROCESSOR_DEFINITIONS = (
					"DEBUG=1",
					"$(inherited)",
				);
				GCC_WARN_64_TO_32_BIT_CONVERSION = YES;
				GCC_WARN_ABOUT_RETURN_TYPE = YES_ERROR;
				GCC_WARN_UNDECLARED_SELECTOR = YES;
				GCC_WARN_UNINITIALIZED_AUTOS = YES_AGGRESSIVE;
				GCC_WARN_UNUSED_FUNCTION = YES;
				GCC_WARN_UNUSED_VARIABLE = YES;
				IPHONEOS_DEPLOYMENT_TARGET = 12.2;
				MTL_ENABLE_DEBUG_INFO = INCLUDE_SOURCE;
				MTL_FAST_MATH = YES;
				ONLY_ACTIVE_ARCH = YES;
				SDKROOT = iphoneos;
				SWIFT_ACTIVE_COMPILATION_CONDITIONS = DEBUG;
				SWIFT_OPTIMIZATION_LEVEL = "-Onone";
			};
			name = Debug;
		};
		1DB5E6DA2293F04E00333E6C /* Release */ = {
			isa = XCBuildConfiguration;
			buildSettings = {
				ALWAYS_SEARCH_USER_PATHS = NO;
				CLANG_ANALYZER_NONNULL = YES;
				CLANG_ANALYZER_NUMBER_OBJECT_CONVERSION = YES_AGGRESSIVE;
				CLANG_CXX_LANGUAGE_STANDARD = "gnu++14";
				CLANG_CXX_LIBRARY = "libc++";
				CLANG_ENABLE_MODULES = YES;
				CLANG_ENABLE_OBJC_ARC = YES;
				CLANG_ENABLE_OBJC_WEAK = YES;
				CLANG_WARN_BLOCK_CAPTURE_AUTORELEASING = YES;
				CLANG_WARN_BOOL_CONVERSION = YES;
				CLANG_WARN_COMMA = YES;
				CLANG_WARN_CONSTANT_CONVERSION = YES;
				CLANG_WARN_DEPRECATED_OBJC_IMPLEMENTATIONS = YES;
				CLANG_WARN_DIRECT_OBJC_ISA_USAGE = YES_ERROR;
				CLANG_WARN_DOCUMENTATION_COMMENTS = YES;
				CLANG_WARN_EMPTY_BODY = YES;
				CLANG_WARN_ENUM_CONVERSION = YES;
				CLANG_WARN_INFINITE_RECURSION = YES;
				CLANG_WARN_INT_CONVERSION = YES;
				CLANG_WARN_NON_LITERAL_NULL_CONVERSION = YES;
				CLANG_WARN_OBJC_IMPLICIT_RETAIN_SELF = YES;
				CLANG_WARN_OBJC_LITERAL_CONVERSION = YES;
				CLANG_WARN_OBJC_ROOT_CLASS = YES_ERROR;
				CLANG_WARN_RANGE_LOOP_ANALYSIS = YES;
				CLANG_WARN_STRICT_PROTOTYPES = YES;
				CLANG_WARN_SUSPICIOUS_MOVE = YES;
				CLANG_WARN_UNGUARDED_AVAILABILITY = YES_AGGRESSIVE;
				CLANG_WARN_UNREACHABLE_CODE = YES;
				CLANG_WARN__DUPLICATE_METHOD_MATCH = YES;
				CODE_SIGN_IDENTITY = "iPhone Developer";
				COPY_PHASE_STRIP = NO;
				DEBUG_INFORMATION_FORMAT = "dwarf-with-dsym";
				ENABLE_NS_ASSERTIONS = NO;
				ENABLE_STRICT_OBJC_MSGSEND = YES;
				GCC_C_LANGUAGE_STANDARD = gnu11;
				GCC_NO_COMMON_BLOCKS = YES;
				GCC_WARN_64_TO_32_BIT_CONVERSION = YES;
				GCC_WARN_ABOUT_RETURN_TYPE = YES_ERROR;
				GCC_WARN_UNDECLARED_SELECTOR = YES;
				GCC_WARN_UNINITIALIZED_AUTOS = YES_AGGRESSIVE;
				GCC_WARN_UNUSED_FUNCTION = YES;
				GCC_WARN_UNUSED_VARIABLE = YES;
				IPHONEOS_DEPLOYMENT_TARGET = 12.2;
				MTL_ENABLE_DEBUG_INFO = NO;
				MTL_FAST_MATH = YES;
				SDKROOT = iphoneos;
				SWIFT_COMPILATION_MODE = wholemodule;
				SWIFT_OPTIMIZATION_LEVEL = "-O";
				VALIDATE_PRODUCT = YES;
			};
			name = Release;
		};
		1DB5E6DC2293F04E00333E6C /* Debug */ = {
			isa = XCBuildConfiguration;
			baseConfigurationReference = C9E8B29E10295152AEA6F982 /* Pods-Forms with EASY Keyboard Management (UIScrollView - LBTAFormController).debug.xcconfig */;
			buildSettings = {
				ASSETCATALOG_COMPILER_APPICON_NAME = AppIcon;
				CODE_SIGN_STYLE = Manual;
				DEVELOPMENT_TEAM = "";
				INFOPLIST_FILE = "Forms with EASY Keyboard Management (UIScrollView - LBTAFormController)/Info.plist";
				LD_RUNPATH_SEARCH_PATHS = (
					"$(inherited)",
					"@executable_path/Frameworks",
				);
				PRODUCT_BUNDLE_IDENTIFIER = "in.vibhorgupta.Forms-with-EASY-Keyboard-Management--UIScrollView---LBTAFormController-";
				PRODUCT_NAME = "$(TARGET_NAME)";
				PROVISIONING_PROFILE_SPECIFIER = "";
				SWIFT_VERSION = 5.0;
				TARGETED_DEVICE_FAMILY = 1;
			};
			name = Debug;
		};
		1DB5E6DD2293F04E00333E6C /* Release */ = {
			isa = XCBuildConfiguration;
			baseConfigurationReference = CD3A29B3D9255453A7FCD7CC /* Pods-Forms with EASY Keyboard Management (UIScrollView - LBTAFormController).release.xcconfig */;
			buildSettings = {
				ASSETCATALOG_COMPILER_APPICON_NAME = AppIcon;
				CODE_SIGN_STYLE = Manual;
				DEVELOPMENT_TEAM = "";
				INFOPLIST_FILE = "Forms with EASY Keyboard Management (UIScrollView - LBTAFormController)/Info.plist";
				LD_RUNPATH_SEARCH_PATHS = (
					"$(inherited)",
					"@executable_path/Frameworks",
				);
				PRODUCT_BUNDLE_IDENTIFIER = "in.vibhorgupta.Forms-with-EASY-Keyboard-Management--UIScrollView---LBTAFormController-";
				PRODUCT_NAME = "$(TARGET_NAME)";
				PROVISIONING_PROFILE_SPECIFIER = "";
				SWIFT_VERSION = 5.0;
				TARGETED_DEVICE_FAMILY = 1;
			};
			name = Release;
		};
/* End XCBuildConfiguration section */

/* Begin XCConfigurationList section */
		1DB5E6C42293F04C00333E6C /* Build configuration list for PBXProject "Forms with EASY Keyboard Management (UIScrollView - LBTAFormController)" */ = {
			isa = XCConfigurationList;
			buildConfigurations = (
				1DB5E6D92293F04E00333E6C /* Debug */,
				1DB5E6DA2293F04E00333E6C /* Release */,
			);
			defaultConfigurationIsVisible = 0;
			defaultConfigurationName = Release;
		};
		1DB5E6DB2293F04E00333E6C /* Build configuration list for PBXNativeTarget "Forms with EASY Keyboard Management (UIScrollView - LBTAFormController)" */ = {
			isa = XCConfigurationList;
			buildConfigurations = (
				1DB5E6DC2293F04E00333E6C /* Debug */,
				1DB5E6DD2293F04E00333E6C /* Release */,
			);
			defaultConfigurationIsVisible = 0;
			defaultConfigurationName = Release;
		};
/* End XCConfigurationList section */
	};
	rootObject = 1DB5E6C12293F04C00333E6C /* Project object */;
}
